
Microsoft Visual Studio Solution File, Format Version 12.00
# Visual Studio 15
VisualStudioVersion = 15.0.28307.1062
MinimumVisualStudioVersion = 10.0.40219.1
Project("{8BC9CEB8-8B4A-11D0-8D11-00A0C91BC942}") = "PEToStaticBuffer", "PEToStaticBuffer\PEToStaticBuffer.vcxproj", "{F52015D2-D823-458D-88F6-8FCB092654D5}"
EndProject
Global
	GlobalSection(SolutionConfigurationPlatforms) = preSolution
		Debug|x64 = Debug|x64
		Debug|x86 = Debug|x86
		Release|x64 = Release|x64
		Release|x86 = Release|x86
	EndGlobalSection
	GlobalSection(ProjectConfigurationPlatforms) = postSolution
		{F52015D2-D823-458D-88F6-8FCB092654D5}.Debug|x64.ActiveCfg = Debug|x64
		{F52015D2-D823-458D-88F6-8FCB092654D5}.Debug|x64.Build.0 = Debug|x64
		{F52015D2-D823-458D-88F6-8FCB092654D5}.Debug|x86.ActiveCfg = Debug|Win32
		{F52015D2-D823-458D-88F6-8FCB092654D5}.Debug|x86.Build.0 = Debug|Win32
		{F52015D2-D823-458D-88F6-8FCB092654D5}.Release|x64.ActiveCfg = Release|x64
		{F52015D2-D823-458D-88F6-8FCB092654D5}.Release|x64.Build.0 = Release|x64
		{F52015D2-D823-458D-88F6-8FCB092654D5}.Release|x86.ActiveCfg = Release|Win32
		{F52015D2-D823-458D-88F6-8FCB092654D5}.Release|x86.Build.0 = Release|Win32
	EndGlobalSection
	GlobalSection(SolutionProperties) = preSolution
		HideSolutionNode = FALSE
	EndGlobalSection
	GlobalSection(ExtensibilityGlobals) = postSolution
		SolutionGuid = {C38076B9-5161-4775-9771-A27614DA9881}
	EndGlobalSection
EndGlobal
